
Microsoft Visual Studio Solution File, Format Version 12.00
# Visual Studio Version 16
VisualStudioVersion = 16.0.33423.256
MinimumVisualStudioVersion = 10.0.40219.1
Project("{FAE04EC0-301F-11D3-BF4B-00C04F79EFBC}") = "sign in sign up", "sign in sign up.csproj", "{891CCF06-F298-4D0A-B858-0F79229AF8FD}"
EndProject
Global
	GlobalSection(SolutionConfigurationPlatforms) = preSolution
		Debug|Any CPU = Debug|Any CPU
		Release|Any CPU = Release|Any CPU
	EndGlobalSection
	GlobalSection(ProjectConfigurationPlatforms) = postSolution
		{891CCF06-F298-4D0A-B858-0F79229AF8FD}.Debug|Any CPU.ActiveCfg = Debug|Any CPU
		{891CCF06-F298-4D0A-B858-0F79229AF8FD}.Debug|Any CPU.Build.0 = Debug|Any CPU
		{891CCF06-F298-4D0A-B858-0F79229AF8FD}.Release|Any CPU.ActiveCfg = Release|Any CPU
		{891CCF06-F298-4D0A-B858-0F79229AF8FD}.Release|Any CPU.Build.0 = Release|Any CPU
	EndGlobalSection
	GlobalSection(SolutionProperties) = preSolution
		HideSolutionNode = FALSE
	EndGlobalSection
	GlobalSection(ExtensibilityGlobals) = postSolution
		SolutionGuid = {3FB97CBE-2633-448C-B398-BC085EE6CF61}
	EndGlobalSection
EndGlobal
